// !$*UTF8*$!
{
	archiveVersion = 1;
	classes = {
	};
	objectVersion = 56;
	objects = {

/* Begin PBXBuildFile section */
		DEB8FEC32AE0311A002067D7 /* CanvaAndEmojisView.swift in Sources */ = {isa = PBXBuildFile; fileRef = DEB8FEC22AE0311A002067D7 /* CanvaAndEmojisView.swift */; };
		E62164A12AE03256000AD82C /* Support.swift in Sources */ = {isa = PBXBuildFile; fileRef = E62164A02AE03256000AD82C /* Support.swift */; };
		E62164A32AE0326C000AD82C /* SummaryView.swift in Sources */ = {isa = PBXBuildFile; fileRef = E62164A22AE0326C000AD82C /* SummaryView.swift */; };
		E6823CC72AE168ED0042D675 /* Mood.swift in Sources */ = {isa = PBXBuildFile; fileRef = E6823CC62AE168ED0042D675 /* Mood.swift */; };
		E6823CC92AE169070042D675 /* HomeViewModel.swift in Sources */ = {isa = PBXBuildFile; fileRef = E6823CC82AE169070042D675 /* HomeViewModel.swift */; };
		E6823CCB2AE1699C0042D675 /* EmojiButton.swift in Sources */ = {isa = PBXBuildFile; fileRef = E6823CCA2AE1699C0042D675 /* EmojiButton.swift */; };
		F7224E082AE1CA08003303AD /* View.swift in Sources */ = {isa = PBXBuildFile; fileRef = F7224E072AE1CA08003303AD /* View.swift */; };
		F7D59D832AE02FB0009F93A1 /* MoodYourWeatherApp.swift in Sources */ = {isa = PBXBuildFile; fileRef = F7D59D822AE02FB0009F93A1 /* MoodYourWeatherApp.swift */; };
		F7D59D852AE02FB0009F93A1 /* ContentView.swift in Sources */ = {isa = PBXBuildFile; fileRef = F7D59D842AE02FB0009F93A1 /* ContentView.swift */; };
		F7D59D892AE02FB1009F93A1 /* Assets.xcassets in Resources */ = {isa = PBXBuildFile; fileRef = F7D59D882AE02FB1009F93A1 /* Assets.xcassets */; };
		F7D59D8C2AE02FB1009F93A1 /* Preview Assets.xcassets in Resources */ = {isa = PBXBuildFile; fileRef = F7D59D8B2AE02FB1009F93A1 /* Preview Assets.xcassets */; };
		F7DAB9662AE1822500DE85F4 /* Canvas.swift in Sources */ = {isa = PBXBuildFile; fileRef = F7DAB9652AE1822500DE85F4 /* Canvas.swift */; };
		F7DAB9682AE1A17B00DE85F4 /* EmojiView.swift in Sources */ = {isa = PBXBuildFile; fileRef = F7DAB9672AE1A17B00DE85F4 /* EmojiView.swift */; };
		F7DAB96C2AE1ACF600DE85F4 /* Color.swift in Sources */ = {isa = PBXBuildFile; fileRef = F7DAB96B2AE1ACF600DE85F4 /* Color.swift */; };
		F7E46C902AE172DF00A0176B /* EmojiPickerView.swift in Sources */ = {isa = PBXBuildFile; fileRef = F7E46C8F2AE172DF00A0176B /* EmojiPickerView.swift */; };
/* End PBXBuildFile section */

/* Begin PBXFileReference section */
		DEB8FEC22AE0311A002067D7 /* CanvaAndEmojisView.swift */ = {isa = PBXFileReference; lastKnownFileType = sourcecode.swift; path = CanvaAndEmojisView.swift; sourceTree = "<group>"; };
		E62164A02AE03256000AD82C /* Support.swift */ = {isa = PBXFileReference; lastKnownFileType = sourcecode.swift; path = Support.swift; sourceTree = "<group>"; };
		E62164A22AE0326C000AD82C /* SummaryView.swift */ = {isa = PBXFileReference; lastKnownFileType = sourcecode.swift; path = SummaryView.swift; sourceTree = "<group>"; };
		E6823CC62AE168ED0042D675 /* Mood.swift */ = {isa = PBXFileReference; lastKnownFileType = sourcecode.swift; path = Mood.swift; sourceTree = "<group>"; };
		E6823CC82AE169070042D675 /* HomeViewModel.swift */ = {isa = PBXFileReference; lastKnownFileType = sourcecode.swift; path = HomeViewModel.swift; sourceTree = "<group>"; };
		E6823CCA2AE1699C0042D675 /* EmojiButton.swift */ = {isa = PBXFileReference; lastKnownFileType = sourcecode.swift; path = EmojiButton.swift; sourceTree = "<group>"; };
		F7224E072AE1CA08003303AD /* View.swift */ = {isa = PBXFileReference; lastKnownFileType = sourcecode.swift; path = View.swift; sourceTree = "<group>"; };
		F7D59D7F2AE02FB0009F93A1 /* MoodYourWeather.app */ = {isa = PBXFileReference; explicitFileType = wrapper.application; includeInIndex = 0; path = MoodYourWeather.app; sourceTree = BUILT_PRODUCTS_DIR; };
		F7D59D822AE02FB0009F93A1 /* MoodYourWeatherApp.swift */ = {isa = PBXFileReference; lastKnownFileType = sourcecode.swift; path = MoodYourWeatherApp.swift; sourceTree = "<group>"; };
		F7D59D842AE02FB0009F93A1 /* ContentView.swift */ = {isa = PBXFileReference; lastKnownFileType = sourcecode.swift; path = ContentView.swift; sourceTree = "<group>"; };
		F7D59D882AE02FB1009F93A1 /* Assets.xcassets */ = {isa = PBXFileReference; lastKnownFileType = folder.assetcatalog; path = Assets.xcassets; sourceTree = "<group>"; };
		F7D59D8B2AE02FB1009F93A1 /* Preview Assets.xcassets */ = {isa = PBXFileReference; lastKnownFileType = folder.assetcatalog; path = "Preview Assets.xcassets"; sourceTree = "<group>"; };
		F7DAB9652AE1822500DE85F4 /* Canvas.swift */ = {isa = PBXFileReference; lastKnownFileType = sourcecode.swift; path = Canvas.swift; sourceTree = "<group>"; };
		F7DAB9672AE1A17B00DE85F4 /* EmojiView.swift */ = {isa = PBXFileReference; lastKnownFileType = sourcecode.swift; path = EmojiView.swift; sourceTree = "<group>"; };
		F7DAB96B2AE1ACF600DE85F4 /* Color.swift */ = {isa = PBXFileReference; lastKnownFileType = sourcecode.swift; path = Color.swift; sourceTree = "<group>"; };
		F7E46C8F2AE172DF00A0176B /* EmojiPickerView.swift */ = {isa = PBXFileReference; lastKnownFileType = sourcecode.swift; path = EmojiPickerView.swift; sourceTree = "<group>"; };
/* End PBXFileReference section */

/* Begin PBXFrameworksBuildPhase section */
		F7D59D7C2AE02FB0009F93A1 /* Frameworks */ = {
			isa = PBXFrameworksBuildPhase;
			buildActionMask = 2147483647;
			files = (
			);
			runOnlyForDeploymentPostprocessing = 0;
		};
/* End PBXFrameworksBuildPhase section */

/* Begin PBXGroup section */
		F7D59D762AE02FB0009F93A1 = {
			isa = PBXGroup;
			children = (
				F7D59D812AE02FB0009F93A1 /* MoodYourWeather */,
				F7D59D802AE02FB0009F93A1 /* Products */,
			);
			sourceTree = "<group>";
		};
		F7D59D802AE02FB0009F93A1 /* Products */ = {
			isa = PBXGroup;
			children = (
				F7D59D7F2AE02FB0009F93A1 /* MoodYourWeather.app */,
			);
			name = Products;
			sourceTree = "<group>";
		};
		F7D59D812AE02FB0009F93A1 /* MoodYourWeather */ = {
			isa = PBXGroup;
			children = (
				F7DAB9692AE1ACDF00DE85F4 /* Utils */,
				F7D59D822AE02FB0009F93A1 /* MoodYourWeatherApp.swift */,
				F7E46C922AE1748300A0176B /* View */,
				E62164A02AE03256000AD82C /* Support.swift */,
				F7E46C912AE1746100A0176B /* Model */,
				F7E46C932AE174F400A0176B /* ViewModel */,
				F7D59D882AE02FB1009F93A1 /* Assets.xcassets */,
				F7D59D8A2AE02FB1009F93A1 /* Preview Content */,
			);
			path = MoodYourWeather;
			sourceTree = "<group>";
		};
		F7D59D8A2AE02FB1009F93A1 /* Preview Content */ = {
			isa = PBXGroup;
			children = (
				F7D59D8B2AE02FB1009F93A1 /* Preview Assets.xcassets */,
			);
			path = "Preview Content";
			sourceTree = "<group>";
		};
		F7DAB9692AE1ACDF00DE85F4 /* Utils */ = {
			isa = PBXGroup;
			children = (
				F7DAB96A2AE1ACED00DE85F4 /* Extensions */,
			);
			path = Utils;
			sourceTree = "<group>";
		};
		F7DAB96A2AE1ACED00DE85F4 /* Extensions */ = {
			isa = PBXGroup;
			children = (
				F7DAB96B2AE1ACF600DE85F4 /* Color.swift */,
				F7224E072AE1CA08003303AD /* View.swift */,
			);
			path = Extensions;
			sourceTree = "<group>";
		};
		F7E46C912AE1746100A0176B /* Model */ = {
			isa = PBXGroup;
			children = (
				E6823CC62AE168ED0042D675 /* Mood.swift */,
			);
			path = Model;
			sourceTree = "<group>";
		};
		F7E46C922AE1748300A0176B /* View */ = {
			isa = PBXGroup;
			children = (
				DEB8FEC22AE0311A002067D7 /* CanvaAndEmojisView.swift */,
				F7DAB9652AE1822500DE85F4 /* Canvas.swift */,
				F7D59D842AE02FB0009F93A1 /* ContentView.swift */,
				E6823CCA2AE1699C0042D675 /* EmojiButton.swift */,
				F7E46C8F2AE172DF00A0176B /* EmojiPickerView.swift */,
				F7DAB9672AE1A17B00DE85F4 /* EmojiView.swift */,
				E62164A22AE0326C000AD82C /* SummaryView.swift */,
			);
			path = View;
			sourceTree = "<group>";
		};
		F7E46C932AE174F400A0176B /* ViewModel */ = {
			isa = PBXGroup;
			children = (
				E6823CC82AE169070042D675 /* HomeViewModel.swift */,
			);
			path = ViewModel;
			sourceTree = "<group>";
		};
/* End PBXGroup section */

/* Begin PBXNativeTarget section */
		F7D59D7E2AE02FB0009F93A1 /* MoodYourWeather */ = {
			isa = PBXNativeTarget;
			buildConfigurationList = F7D59D8F2AE02FB1009F93A1 /* Build configuration list for PBXNativeTarget "MoodYourWeather" */;
			buildPhases = (
				F7D59D7B2AE02FB0009F93A1 /* Sources */,
				F7D59D7C2AE02FB0009F93A1 /* Frameworks */,
				F7D59D7D2AE02FB0009F93A1 /* Resources */,
			);
			buildRules = (
			);
			dependencies = (
			);
			name = MoodYourWeather;
			productName = MoodYourWeather;
			productReference = F7D59D7F2AE02FB0009F93A1 /* MoodYourWeather.app */;
			productType = "com.apple.product-type.application";
		};
/* End PBXNativeTarget section */

/* Begin PBXProject section */
		F7D59D772AE02FB0009F93A1 /* Project object */ = {
			isa = PBXProject;
			attributes = {
				BuildIndependentTargetsInParallel = 1;
				LastSwiftUpdateCheck = 1500;
				LastUpgradeCheck = 1500;
				TargetAttributes = {
					F7D59D7E2AE02FB0009F93A1 = {
						CreatedOnToolsVersion = 15.0;
					};
				};
			};
			buildConfigurationList = F7D59D7A2AE02FB0009F93A1 /* Build configuration list for PBXProject "MoodYourWeather" */;
			compatibilityVersion = "Xcode 14.0";
			developmentRegion = en;
			hasScannedForEncodings = 0;
			knownRegions = (
				en,
				Base,
			);
			mainGroup = F7D59D762AE02FB0009F93A1;
			productRefGroup = F7D59D802AE02FB0009F93A1 /* Products */;
			projectDirPath = "";
			projectRoot = "";
			targets = (
				F7D59D7E2AE02FB0009F93A1 /* MoodYourWeather */,
			);
		};
/* End PBXProject section */

/* Begin PBXResourcesBuildPhase section */
		F7D59D7D2AE02FB0009F93A1 /* Resources */ = {
			isa = PBXResourcesBuildPhase;
			buildActionMask = 2147483647;
			files = (
				F7D59D8C2AE02FB1009F93A1 /* Preview Assets.xcassets in Resources */,
				F7D59D892AE02FB1009F93A1 /* Assets.xcassets in Resources */,
			);
			runOnlyForDeploymentPostprocessing = 0;
		};
/* End PBXResourcesBuildPhase section */

/* Begin PBXSourcesBuildPhase section */
		F7D59D7B2AE02FB0009F93A1 /* Sources */ = {
			isa = PBXSourcesBuildPhase;
			buildActionMask = 2147483647;
			files = (
				F7224E082AE1CA08003303AD /* View.swift in Sources */,
				F7D59D852AE02FB0009F93A1 /* ContentView.swift in Sources */,
				DEB8FEC32AE0311A002067D7 /* CanvaAndEmojisView.swift in Sources */,
				F7DAB9682AE1A17B00DE85F4 /* EmojiView.swift in Sources */,
				E62164A12AE03256000AD82C /* Support.swift in Sources */,
				F7DAB9662AE1822500DE85F4 /* Canvas.swift in Sources */,
				F7DAB96C2AE1ACF600DE85F4 /* Color.swift in Sources */,
				E6823CC72AE168ED0042D675 /* Mood.swift in Sources */,
				E6823CCB2AE1699C0042D675 /* EmojiButton.swift in Sources */,
				E62164A32AE0326C000AD82C /* SummaryView.swift in Sources */,
				F7E46C902AE172DF00A0176B /* EmojiPickerView.swift in Sources */,
				F7D59D832AE02FB0009F93A1 /* MoodYourWeatherApp.swift in Sources */,
				E6823CC92AE169070042D675 /* HomeViewModel.swift in Sources */,
			);
			runOnlyForDeploymentPostprocessing = 0;
		};
/* End PBXSourcesBuildPhase section */

/* Begin XCBuildConfiguration section */
		F7D59D8D2AE02FB1009F93A1 /* Debug */ = {
			isa = XCBuildConfiguration;
			buildSettings = {
				ALWAYS_SEARCH_USER_PATHS = NO;
				ASSETCATALOG_COMPILER_GENERATE_SWIFT_ASSET_SYMBOL_EXTENSIONS = YES;
				CLANG_ANALYZER_NONNULL = YES;
				CLANG_ANALYZER_NUMBER_OBJECT_CONVERSION = YES_AGGRESSIVE;
				CLANG_CXX_LANGUAGE_STANDARD = "gnu++20";
				CLANG_ENABLE_MODULES = YES;
				CLANG_ENABLE_OBJC_ARC = YES;
				CLANG_ENABLE_OBJC_WEAK = YES;
				CLANG_WARN_BLOCK_CAPTURE_AUTORELEASING = YES;
				CLANG_WARN_BOOL_CONVERSION = YES;
				CLANG_WARN_COMMA = YES;
				CLANG_WARN_CONSTANT_CONVERSION = YES;
				CLANG_WARN_DEPRECATED_OBJC_IMPLEMENTATIONS = YES;
				CLANG_WARN_DIRECT_OBJC_ISA_USAGE = YES_ERROR;
				CLANG_WARN_DOCUMENTATION_COMMENTS = YES;
				CLANG_WARN_EMPTY_BODY = YES;
				CLANG_WARN_ENUM_CONVERSION = YES;
				CLANG_WARN_INFINITE_RECURSION = YES;
				CLANG_WARN_INT_CONVERSION = YES;
				CLANG_WARN_NON_LITERAL_NULL_CONVERSION = YES;
				CLANG_WARN_OBJC_IMPLICIT_RETAIN_SELF = YES;
				CLANG_WARN_OBJC_LITERAL_CONVERSION = YES;
				CLANG_WARN_OBJC_ROOT_CLASS = YES_ERROR;
				CLANG_WARN_QUOTED_INCLUDE_IN_FRAMEWORK_HEADER = YES;
				CLANG_WARN_RANGE_LOOP_ANALYSIS = YES;
				CLANG_WARN_STRICT_PROTOTYPES = YES;
				CLANG_WARN_SUSPICIOUS_MOVE = YES;
				CLANG_WARN_UNGUARDED_AVAILABILITY = YES_AGGRESSIVE;
				CLANG_WARN_UNREACHABLE_CODE = YES;
				CLANG_WARN__DUPLICATE_METHOD_MATCH = YES;
				COPY_PHASE_STRIP = NO;
				DEBUG_INFORMATION_FORMAT = dwarf;
				ENABLE_STRICT_OBJC_MSGSEND = YES;
				ENABLE_TESTABILITY = YES;
				ENABLE_USER_SCRIPT_SANDBOXING = YES;
				GCC_C_LANGUAGE_STANDARD = gnu17;
				GCC_DYNAMIC_NO_PIC = NO;
				GCC_NO_COMMON_BLOCKS = YES;
				GCC_OPTIMIZATION_LEVEL = 0;
				GCC_PREPROCESSOR_DEFINITIONS = (
					"DEBUG=1",
					"$(inherited)",
				);
				GCC_WARN_64_TO_32_BIT_CONVERSION = YES;
				GCC_WARN_ABOUT_RETURN_TYPE = YES_ERROR;
				GCC_WARN_UNDECLARED_SELECTOR = YES;
				GCC_WARN_UNINITIALIZED_AUTOS = YES_AGGRESSIVE;
				GCC_WARN_UNUSED_FUNCTION = YES;
				GCC_WARN_UNUSED_VARIABLE = YES;
				IPHONEOS_DEPLOYMENT_TARGET = 17.0;
				LOCALIZATION_PREFERS_STRING_CATALOGS = YES;
				MTL_ENABLE_DEBUG_INFO = INCLUDE_SOURCE;
				MTL_FAST_MATH = YES;
				ONLY_ACTIVE_ARCH = YES;
				SDKROOT = iphoneos;
				SWIFT_ACTIVE_COMPILATION_CONDITIONS = "DEBUG $(inherited)";
				SWIFT_OPTIMIZATION_LEVEL = "-Onone";
			};
			name = Debug;
		};
		F7D59D8E2AE02FB1009F93A1 /* Release */ = {
			isa = XCBuildConfiguration;
			buildSettings = {
				ALWAYS_SEARCH_USER_PATHS = NO;
				ASSETCATALOG_COMPILER_GENERATE_SWIFT_ASSET_SYMBOL_EXTENSIONS = YES;
				CLANG_ANALYZER_NONNULL = YES;
				CLANG_ANALYZER_NUMBER_OBJECT_CONVERSION = YES_AGGRESSIVE;
				CLANG_CXX_LANGUAGE_STANDARD = "gnu++20";
				CLANG_ENABLE_MODULES = YES;
				CLANG_ENABLE_OBJC_ARC = YES;
				CLANG_ENABLE_OBJC_WEAK = YES;
				CLANG_WARN_BLOCK_CAPTURE_AUTORELEASING = YES;
				CLANG_WARN_BOOL_CONVERSION = YES;
				CLANG_WARN_COMMA = YES;
				CLANG_WARN_CONSTANT_CONVERSION = YES;
				CLANG_WARN_DEPRECATED_OBJC_IMPLEMENTATIONS = YES;
				CLANG_WARN_DIRECT_OBJC_ISA_USAGE = YES_ERROR;
				CLANG_WARN_DOCUMENTATION_COMMENTS = YES;
				CLANG_WARN_EMPTY_BODY = YES;
				CLANG_WARN_ENUM_CONVERSION = YES;
				CLANG_WARN_INFINITE_RECURSION = YES;
				CLANG_WARN_INT_CONVERSION = YES;
				CLANG_WARN_NON_LITERAL_NULL_CONVERSION = YES;
				CLANG_WARN_OBJC_IMPLICIT_RETAIN_SELF = YES;
				CLANG_WARN_OBJC_LITERAL_CONVERSION = YES;
				CLANG_WARN_OBJC_ROOT_CLASS = YES_ERROR;
				CLANG_WARN_QUOTED_INCLUDE_IN_FRAMEWORK_HEADER = YES;
				CLANG_WARN_RANGE_LOOP_ANALYSIS = YES;
				CLANG_WARN_STRICT_PROTOTYPES = YES;
				CLANG_WARN_SUSPICIOUS_MOVE = YES;
				CLANG_WARN_UNGUARDED_AVAILABILITY = YES_AGGRESSIVE;
				CLANG_WARN_UNREACHABLE_CODE = YES;
				CLANG_WARN__DUPLICATE_METHOD_MATCH = YES;
				COPY_PHASE_STRIP = NO;
				DEBUG_INFORMATION_FORMAT = "dwarf-with-dsym";
				ENABLE_NS_ASSERTIONS = NO;
				ENABLE_STRICT_OBJC_MSGSEND = YES;
				ENABLE_USER_SCRIPT_SANDBOXING = YES;
				GCC_C_LANGUAGE_STANDARD = gnu17;
				GCC_NO_COMMON_BLOCKS = YES;
				GCC_WARN_64_TO_32_BIT_CONVERSION = YES;
				GCC_WARN_ABOUT_RETURN_TYPE = YES_ERROR;
				GCC_WARN_UNDECLARED_SELECTOR = YES;
				GCC_WARN_UNINITIALIZED_AUTOS = YES_AGGRESSIVE;
				GCC_WARN_UNUSED_FUNCTION = YES;
				GCC_WARN_UNUSED_VARIABLE = YES;
				IPHONEOS_DEPLOYMENT_TARGET = 17.0;
				LOCALIZATION_PREFERS_STRING_CATALOGS = YES;
				MTL_ENABLE_DEBUG_INFO = NO;
				MTL_FAST_MATH = YES;
				SDKROOT = iphoneos;
				SWIFT_COMPILATION_MODE = wholemodule;
				VALIDATE_PRODUCT = YES;
			};
			name = Release;
		};
		F7D59D902AE02FB1009F93A1 /* Debug */ = {
			isa = XCBuildConfiguration;
			buildSettings = {
				ASSETCATALOG_COMPILER_APPICON_NAME = AppIcon;
				ASSETCATALOG_COMPILER_GLOBAL_ACCENT_COLOR_NAME = AccentColor;
				CODE_SIGN_STYLE = Automatic;
				CURRENT_PROJECT_VERSION = 1;
				DEVELOPMENT_ASSET_PATHS = "\"MoodYourWeather/Preview Content\"";
				DEVELOPMENT_TEAM = RP67JK5JJ9;
				ENABLE_PREVIEWS = YES;
				GENERATE_INFOPLIST_FILE = YES;
				INFOPLIST_KEY_UIApplicationSceneManifest_Generation = YES;
				INFOPLIST_KEY_UIApplicationSupportsIndirectInputEvents = YES;
				INFOPLIST_KEY_UILaunchScreen_Generation = YES;
				INFOPLIST_KEY_UISupportedInterfaceOrientations_iPad = "UIInterfaceOrientationPortrait UIInterfaceOrientationPortraitUpsideDown UIInterfaceOrientationLandscapeLeft UIInterfaceOrientationLandscapeRight";
				INFOPLIST_KEY_UISupportedInterfaceOrientations_iPhone = "UIInterfaceOrientationPortrait UIInterfaceOrientationLandscapeLeft UIInterfaceOrientationLandscapeRight";
				LD_RUNPATH_SEARCH_PATHS = (
					"$(inherited)",
					"@executable_path/Frameworks",
				);
				MARKETING_VERSION = 1.0;
				PRODUCT_BUNDLE_IDENTIFIER = com.AldoNavarrete.MoodYourWeather;
				PRODUCT_NAME = "$(TARGET_NAME)";
				SWIFT_EMIT_LOC_STRINGS = YES;
				SWIFT_VERSION = 5.0;
				TARGETED_DEVICE_FAMILY = "1,2";
			};
			name = Debug;
		};
		F7D59D912AE02FB1009F93A1 /* Release */ = {
			isa = XCBuildConfiguration;
			buildSettings = {
				ASSETCATALOG_COMPILER_APPICON_NAME = AppIcon;
				ASSETCATALOG_COMPILER_GLOBAL_ACCENT_COLOR_NAME = AccentColor;
				CODE_SIGN_STYLE = Automatic;
				CURRENT_PROJECT_VERSION = 1;
				DEVELOPMENT_ASSET_PATHS = "\"MoodYourWeather/Preview Content\"";
				DEVELOPMENT_TEAM = RP67JK5JJ9;
				ENABLE_PREVIEWS = YES;
				GENERATE_INFOPLIST_FILE = YES;
				INFOPLIST_KEY_UIApplicationSceneManifest_Generation = YES;
				INFOPLIST_KEY_UIApplicationSupportsIndirectInputEvents = YES;
				INFOPLIST_KEY_UILaunchScreen_Generation = YES;
				INFOPLIST_KEY_UISupportedInterfaceOrientations_iPad = "UIInterfaceOrientationPortrait UIInterfaceOrientationPortraitUpsideDown UIInterfaceOrientationLandscapeLeft UIInterfaceOrientationLandscapeRight";
				INFOPLIST_KEY_UISupportedInterfaceOrientations_iPhone = "UIInterfaceOrientationPortrait UIInterfaceOrientationLandscapeLeft UIInterfaceOrientationLandscapeRight";
				LD_RUNPATH_SEARCH_PATHS = (
					"$(inherited)",
					"@executable_path/Frameworks",
				);
				MARKETING_VERSION = 1.0;
				PRODUCT_BUNDLE_IDENTIFIER = com.AldoNavarrete.MoodYourWeather;
				PRODUCT_NAME = "$(TARGET_NAME)";
				SWIFT_EMIT_LOC_STRINGS = YES;
				SWIFT_VERSION = 5.0;
				TARGETED_DEVICE_FAMILY = "1,2";
			};
			name = Release;
		};
/* End XCBuildConfiguration section */

/* Begin XCConfigurationList section */
		F7D59D7A2AE02FB0009F93A1 /* Build configuration list for PBXProject "MoodYourWeather" */ = {
			isa = XCConfigurationList;
			buildConfigurations = (
				F7D59D8D2AE02FB1009F93A1 /* Debug */,
				F7D59D8E2AE02FB1009F93A1 /* Release */,
			);
			defaultConfigurationIsVisible = 0;
			defaultConfigurationName = Release;
		};
		F7D59D8F2AE02FB1009F93A1 /* Build configuration list for PBXNativeTarget "MoodYourWeather" */ = {
			isa = XCConfigurationList;
			buildConfigurations = (
				F7D59D902AE02FB1009F93A1 /* Debug */,
				F7D59D912AE02FB1009F93A1 /* Release */,
			);
			defaultConfigurationIsVisible = 0;
			defaultConfigurationName = Release;
		};
/* End XCConfigurationList section */
	};
	rootObject = F7D59D772AE02FB0009F93A1 /* Project object */;
}
